
Microsoft Visual Studio Solution File, Format Version 12.00
# Visual Studio Version 17
VisualStudioVersion = 17.4.33213.308
MinimumVisualStudioVersion = 10.0.40219.1
Project("{FAE04EC0-301F-11D3-BF4B-00C04F79EFBC}") = "Deepser", "Deepser\Deepser.csproj", "{F01A6306-F505-4831-B181-48FCBE9D9438}"
EndProject
Project("{FAE04EC0-301F-11D3-BF4B-00C04F79EFBC}") = "TestApi", "TestApi\TestApi.csproj", "{E9B88371-0EE0-4651-963B-CED564DB3EFA}"
EndProject
Global
	GlobalSection(SolutionConfigurationPlatforms) = preSolution
		Debug|Any CPU = Debug|Any CPU
		Release|Any CPU = Release|Any CPU
	EndGlobalSection
	GlobalSection(ProjectConfigurationPlatforms) = postSolution
		{F01A6306-F505-4831-B181-48FCBE9D9438}.Debug|Any CPU.ActiveCfg = Debug|Any CPU
		{F01A6306-F505-4831-B181-48FCBE9D9438}.Debug|Any CPU.Build.0 = Debug|Any CPU
		{F01A6306-F505-4831-B181-48FCBE9D9438}.Release|Any CPU.ActiveCfg = Release|Any CPU
		{F01A6306-F505-4831-B181-48FCBE9D9438}.Release|Any CPU.Build.0 = Release|Any CPU
		{E9B88371-0EE0-4651-963B-CED564DB3EFA}.Debug|Any CPU.ActiveCfg = Debug|Any CPU
		{E9B88371-0EE0-4651-963B-CED564DB3EFA}.Debug|Any CPU.Build.0 = Debug|Any CPU
		{E9B88371-0EE0-4651-963B-CED564DB3EFA}.Release|Any CPU.ActiveCfg = Release|Any CPU
		{E9B88371-0EE0-4651-963B-CED564DB3EFA}.Release|Any CPU.Build.0 = Release|Any CPU
	EndGlobalSection
	GlobalSection(SolutionProperties) = preSolution
		HideSolutionNode = FALSE
	EndGlobalSection
	GlobalSection(ExtensibilityGlobals) = postSolution
		SolutionGuid = {F82BCF0E-2776-4D3F-8EAC-8AEF73663884}
	EndGlobalSection
EndGlobal
